// !$*UTF8*$!
{
	archiveVersion = 1;
	classes = {
	};
	objectVersion = 56;
	objects = {

/* Begin PBXBuildFile section */
		6566DE0B29A53D0300C7326C /* Revitalize_0_1_2App.swift in Sources */ = {isa = PBXBuildFile; fileRef = 6566DE0A29A53D0300C7326C /* Revitalize_0_1_2App.swift */; };
		6566DE0D29A53D0300C7326C /* ContentView.swift in Sources */ = {isa = PBXBuildFile; fileRef = 6566DE0C29A53D0300C7326C /* ContentView.swift */; };
		6566DE1229A53D0400C7326C /* Preview Assets.xcassets in Resources */ = {isa = PBXBuildFile; fileRef = 6566DE1129A53D0400C7326C /* Preview Assets.xcassets */; };
		6566DE1929A53D4500C7326C /* Assets.xcassets in Resources */ = {isa = PBXBuildFile; fileRef = 6566DE1829A53D4500C7326C /* Assets.xcassets */; };
		6566DE1E29A53FF300C7326C /* Declarations.swift in Sources */ = {isa = PBXBuildFile; fileRef = 6566DE1D29A53FF300C7326C /* Declarations.swift */; };
		6566DE2129A5412700C7326C /* DeclarationsDataServices.swift in Sources */ = {isa = PBXBuildFile; fileRef = 6566DE2029A5412700C7326C /* DeclarationsDataServices.swift */; };
		6566DE2329A54B5900C7326C /* Gallery.swift in Sources */ = {isa = PBXBuildFile; fileRef = 6566DE2229A54B5900C7326C /* Gallery.swift */; };
		6566DE2529A54CCB00C7326C /* LoginView.swift in Sources */ = {isa = PBXBuildFile; fileRef = 6566DE2429A54CCB00C7326C /* LoginView.swift */; };
		6566DE2729A54D9800C7326C /* Donate.swift in Sources */ = {isa = PBXBuildFile; fileRef = 6566DE2629A54D9800C7326C /* Donate.swift */; };
		6566DE2929A550E700C7326C /* DeclarationsViewModel.swift in Sources */ = {isa = PBXBuildFile; fileRef = 6566DE2829A550E700C7326C /* DeclarationsViewModel.swift */; };
/* End PBXBuildFile section */

/* Begin PBXFileReference section */
		6566DE0729A53D0300C7326C /* Revitalize_0_1_2.app */ = {isa = PBXFileReference; explicitFileType = wrapper.application; includeInIndex = 0; path = Revitalize_0_1_2.app; sourceTree = BUILT_PRODUCTS_DIR; };
		6566DE0A29A53D0300C7326C /* Revitalize_0_1_2App.swift */ = {isa = PBXFileReference; lastKnownFileType = sourcecode.swift; path = Revitalize_0_1_2App.swift; sourceTree = "<group>"; };
		6566DE0C29A53D0300C7326C /* ContentView.swift */ = {isa = PBXFileReference; lastKnownFileType = sourcecode.swift; path = ContentView.swift; sourceTree = "<group>"; };
		6566DE1129A53D0400C7326C /* Preview Assets.xcassets */ = {isa = PBXFileReference; lastKnownFileType = folder.assetcatalog; path = "Preview Assets.xcassets"; sourceTree = "<group>"; };
		6566DE1829A53D4500C7326C /* Assets.xcassets */ = {isa = PBXFileReference; lastKnownFileType = folder.assetcatalog; path = Assets.xcassets; sourceTree = "<group>"; };
		6566DE1D29A53FF300C7326C /* Declarations.swift */ = {isa = PBXFileReference; lastKnownFileType = sourcecode.swift; path = Declarations.swift; sourceTree = "<group>"; };
		6566DE2029A5412700C7326C /* DeclarationsDataServices.swift */ = {isa = PBXFileReference; lastKnownFileType = sourcecode.swift; path = DeclarationsDataServices.swift; sourceTree = "<group>"; };
		6566DE2229A54B5900C7326C /* Gallery.swift */ = {isa = PBXFileReference; lastKnownFileType = sourcecode.swift; path = Gallery.swift; sourceTree = "<group>"; };
		6566DE2429A54CCB00C7326C /* LoginView.swift */ = {isa = PBXFileReference; lastKnownFileType = sourcecode.swift; path = LoginView.swift; sourceTree = "<group>"; };
		6566DE2629A54D9800C7326C /* Donate.swift */ = {isa = PBXFileReference; lastKnownFileType = sourcecode.swift; path = Donate.swift; sourceTree = "<group>"; };
		6566DE2829A550E700C7326C /* DeclarationsViewModel.swift */ = {isa = PBXFileReference; lastKnownFileType = sourcecode.swift; path = DeclarationsViewModel.swift; sourceTree = "<group>"; };
/* End PBXFileReference section */

/* Begin PBXFrameworksBuildPhase section */
		6566DE0429A53D0300C7326C /* Frameworks */ = {
			isa = PBXFrameworksBuildPhase;
			buildActionMask = 2147483647;
			files = (
			);
			runOnlyForDeploymentPostprocessing = 0;
		};
/* End PBXFrameworksBuildPhase section */

/* Begin PBXGroup section */
		6566DDFE29A53D0300C7326C = {
			isa = PBXGroup;
			children = (
				6566DE0929A53D0300C7326C /* Revitalize_0_1_2 */,
				6566DE0829A53D0300C7326C /* Products */,
			);
			sourceTree = "<group>";
		};
		6566DE0829A53D0300C7326C /* Products */ = {
			isa = PBXGroup;
			children = (
				6566DE0729A53D0300C7326C /* Revitalize_0_1_2.app */,
			);
			name = Products;
			sourceTree = "<group>";
		};
		6566DE0929A53D0300C7326C /* Revitalize_0_1_2 */ = {
			isa = PBXGroup;
			children = (
				6566DE1F29A540FD00C7326C /* DataServices */,
				6566DE1C29A53DAF00C7326C /* Views */,
				6566DE1B29A53D8600C7326C /* ViewModels */,
				6566DE1A29A53D7B00C7326C /* Models */,
				6566DE0A29A53D0300C7326C /* Revitalize_0_1_2App.swift */,
				6566DE0C29A53D0300C7326C /* ContentView.swift */,
				6566DE1829A53D4500C7326C /* Assets.xcassets */,
				6566DE1029A53D0400C7326C /* Preview Content */,
			);
			path = Revitalize_0_1_2;
			sourceTree = "<group>";
		};
		6566DE1029A53D0400C7326C /* Preview Content */ = {
			isa = PBXGroup;
			children = (
				6566DE1129A53D0400C7326C /* Preview Assets.xcassets */,
			);
			path = "Preview Content";
			sourceTree = "<group>";
		};
		6566DE1A29A53D7B00C7326C /* Models */ = {
			isa = PBXGroup;
			children = (
				6566DE1D29A53FF300C7326C /* Declarations.swift */,
			);
			path = Models;
			sourceTree = "<group>";
		};
		6566DE1B29A53D8600C7326C /* ViewModels */ = {
			isa = PBXGroup;
			children = (
				6566DE2829A550E700C7326C /* DeclarationsViewModel.swift */,
			);
			path = ViewModels;
			sourceTree = "<group>";
		};
		6566DE1C29A53DAF00C7326C /* Views */ = {
			isa = PBXGroup;
			children = (
				6566DE2229A54B5900C7326C /* Gallery.swift */,
				6566DE2429A54CCB00C7326C /* LoginView.swift */,
				6566DE2629A54D9800C7326C /* Donate.swift */,
			);
			path = Views;
			sourceTree = "<group>";
		};
		6566DE1F29A540FD00C7326C /* DataServices */ = {
			isa = PBXGroup;
			children = (
				6566DE2029A5412700C7326C /* DeclarationsDataServices.swift */,
			);
			path = DataServices;
			sourceTree = "<group>";
		};
/* End PBXGroup section */

/* Begin PBXNativeTarget section */
		6566DE0629A53D0300C7326C /* Revitalize_0_1_2 */ = {
			isa = PBXNativeTarget;
			buildConfigurationList = 6566DE1529A53D0400C7326C /* Build configuration list for PBXNativeTarget "Revitalize_0_1_2" */;
			buildPhases = (
				6566DE0329A53D0300C7326C /* Sources */,
				6566DE0429A53D0300C7326C /* Frameworks */,
				6566DE0529A53D0300C7326C /* Resources */,
			);
			buildRules = (
			);
			dependencies = (
			);
			name = Revitalize_0_1_2;
			productName = Revitalize_0_1_2;
			productReference = 6566DE0729A53D0300C7326C /* Revitalize_0_1_2.app */;
			productType = "com.apple.product-type.application";
		};
/* End PBXNativeTarget section */

/* Begin PBXProject section */
		6566DDFF29A53D0300C7326C /* Project object */ = {
			isa = PBXProject;
			attributes = {
				BuildIndependentTargetsInParallel = 1;
				LastSwiftUpdateCheck = 1420;
				LastUpgradeCheck = 1420;
				TargetAttributes = {
					6566DE0629A53D0300C7326C = {
						CreatedOnToolsVersion = 14.2;
					};
				};
			};
			buildConfigurationList = 6566DE0229A53D0300C7326C /* Build configuration list for PBXProject "Revitalize_0_1_2" */;
			compatibilityVersion = "Xcode 14.0";
			developmentRegion = en;
			hasScannedForEncodings = 0;
			knownRegions = (
				en,
				Base,
			);
			mainGroup = 6566DDFE29A53D0300C7326C;
			productRefGroup = 6566DE0829A53D0300C7326C /* Products */;
			projectDirPath = "";
			projectRoot = "";
			targets = (
				6566DE0629A53D0300C7326C /* Revitalize_0_1_2 */,
			);
		};
/* End PBXProject section */

/* Begin PBXResourcesBuildPhase section */
		6566DE0529A53D0300C7326C /* Resources */ = {
			isa = PBXResourcesBuildPhase;
			buildActionMask = 2147483647;
			files = (
				6566DE1929A53D4500C7326C /* Assets.xcassets in Resources */,
				6566DE1229A53D0400C7326C /* Preview Assets.xcassets in Resources */,
			);
			runOnlyForDeploymentPostprocessing = 0;
		};
/* End PBXResourcesBuildPhase section */

/* Begin PBXSourcesBuildPhase section */
		6566DE0329A53D0300C7326C /* Sources */ = {
			isa = PBXSourcesBuildPhase;
			buildActionMask = 2147483647;
			files = (
				6566DE2529A54CCB00C7326C /* LoginView.swift in Sources */,
				6566DE2129A5412700C7326C /* DeclarationsDataServices.swift in Sources */,
				6566DE2729A54D9800C7326C /* Donate.swift in Sources */,
				6566DE2929A550E700C7326C /* DeclarationsViewModel.swift in Sources */,
				6566DE2329A54B5900C7326C /* Gallery.swift in Sources */,
				6566DE1E29A53FF300C7326C /* Declarations.swift in Sources */,
				6566DE0D29A53D0300C7326C /* ContentView.swift in Sources */,
				6566DE0B29A53D0300C7326C /* Revitalize_0_1_2App.swift in Sources */,
			);
			runOnlyForDeploymentPostprocessing = 0;
		};
/* End PBXSourcesBuildPhase section */

/* Begin XCBuildConfiguration section */
		6566DE1329A53D0400C7326C /* Debug */ = {
			isa = XCBuildConfiguration;
			buildSettings = {
				ALWAYS_SEARCH_USER_PATHS = NO;
				CLANG_ANALYZER_NONNULL = YES;
				CLANG_ANALYZER_NUMBER_OBJECT_CONVERSION = YES_AGGRESSIVE;
				CLANG_CXX_LANGUAGE_STANDARD = "gnu++20";
				CLANG_ENABLE_MODULES = YES;
				CLANG_ENABLE_OBJC_ARC = YES;
				CLANG_ENABLE_OBJC_WEAK = YES;
				CLANG_WARN_BLOCK_CAPTURE_AUTORELEASING = YES;
				CLANG_WARN_BOOL_CONVERSION = YES;
				CLANG_WARN_COMMA = YES;
				CLANG_WARN_CONSTANT_CONVERSION = YES;
				CLANG_WARN_DEPRECATED_OBJC_IMPLEMENTATIONS = YES;
				CLANG_WARN_DIRECT_OBJC_ISA_USAGE = YES_ERROR;
				CLANG_WARN_DOCUMENTATION_COMMENTS = YES;
				CLANG_WARN_EMPTY_BODY = YES;
				CLANG_WARN_ENUM_CONVERSION = YES;
				CLANG_WARN_INFINITE_RECURSION = YES;
				CLANG_WARN_INT_CONVERSION = YES;
				CLANG_WARN_NON_LITERAL_NULL_CONVERSION = YES;
				CLANG_WARN_OBJC_IMPLICIT_RETAIN_SELF = YES;
				CLANG_WARN_OBJC_LITERAL_CONVERSION = YES;
				CLANG_WARN_OBJC_ROOT_CLASS = YES_ERROR;
				CLANG_WARN_QUOTED_INCLUDE_IN_FRAMEWORK_HEADER = YES;
				CLANG_WARN_RANGE_LOOP_ANALYSIS = YES;
				CLANG_WARN_STRICT_PROTOTYPES = YES;
				CLANG_WARN_SUSPICIOUS_MOVE = YES;
				CLANG_WARN_UNGUARDED_AVAILABILITY = YES_AGGRESSIVE;
				CLANG_WARN_UNREACHABLE_CODE = YES;
				CLANG_WARN__DUPLICATE_METHOD_MATCH = YES;
				COPY_PHASE_STRIP = NO;
				DEBUG_INFORMATION_FORMAT = dwarf;
				ENABLE_STRICT_OBJC_MSGSEND = YES;
				ENABLE_TESTABILITY = YES;
				GCC_C_LANGUAGE_STANDARD = gnu11;
				GCC_DYNAMIC_NO_PIC = NO;
				GCC_NO_COMMON_BLOCKS = YES;
				GCC_OPTIMIZATION_LEVEL = 0;
				GCC_PREPROCESSOR_DEFINITIONS = (
					"DEBUG=1",
					"$(inherited)",
				);
				GCC_WARN_64_TO_32_BIT_CONVERSION = YES;
				GCC_WARN_ABOUT_RETURN_TYPE = YES_ERROR;
				GCC_WARN_UNDECLARED_SELECTOR = YES;
				GCC_WARN_UNINITIALIZED_AUTOS = YES_AGGRESSIVE;
				GCC_WARN_UNUSED_FUNCTION = YES;
				GCC_WARN_UNUSED_VARIABLE = YES;
				IPHONEOS_DEPLOYMENT_TARGET = 16.2;
				MTL_ENABLE_DEBUG_INFO = INCLUDE_SOURCE;
				MTL_FAST_MATH = YES;
				ONLY_ACTIVE_ARCH = YES;
				SDKROOT = iphoneos;
				SWIFT_ACTIVE_COMPILATION_CONDITIONS = DEBUG;
				SWIFT_OPTIMIZATION_LEVEL = "-Onone";
			};
			name = Debug;
		};
		6566DE1429A53D0400C7326C /* Release */ = {
			isa = XCBuildConfiguration;
			buildSettings = {
				ALWAYS_SEARCH_USER_PATHS = NO;
				CLANG_ANALYZER_NONNULL = YES;
				CLANG_ANALYZER_NUMBER_OBJECT_CONVERSION = YES_AGGRESSIVE;
				CLANG_CXX_LANGUAGE_STANDARD = "gnu++20";
				CLANG_ENABLE_MODULES = YES;
				CLANG_ENABLE_OBJC_ARC = YES;
				CLANG_ENABLE_OBJC_WEAK = YES;
				CLANG_WARN_BLOCK_CAPTURE_AUTORELEASING = YES;
				CLANG_WARN_BOOL_CONVERSION = YES;
				CLANG_WARN_COMMA = YES;
				CLANG_WARN_CONSTANT_CONVERSION = YES;
				CLANG_WARN_DEPRECATED_OBJC_IMPLEMENTATIONS = YES;
				CLANG_WARN_DIRECT_OBJC_ISA_USAGE = YES_ERROR;
				CLANG_WARN_DOCUMENTATION_COMMENTS = YES;
				CLANG_WARN_EMPTY_BODY = YES;
				CLANG_WARN_ENUM_CONVERSION = YES;
				CLANG_WARN_INFINITE_RECURSION = YES;
				CLANG_WARN_INT_CONVERSION = YES;
				CLANG_WARN_NON_LITERAL_NULL_CONVERSION = YES;
				CLANG_WARN_OBJC_IMPLICIT_RETAIN_SELF = YES;
				CLANG_WARN_OBJC_LITERAL_CONVERSION = YES;
				CLANG_WARN_OBJC_ROOT_CLASS = YES_ERROR;
				CLANG_WARN_QUOTED_INCLUDE_IN_FRAMEWORK_HEADER = YES;
				CLANG_WARN_RANGE_LOOP_ANALYSIS = YES;
				CLANG_WARN_STRICT_PROTOTYPES = YES;
				CLANG_WARN_SUSPICIOUS_MOVE = YES;
				CLANG_WARN_UNGUARDED_AVAILABILITY = YES_AGGRESSIVE;
				CLANG_WARN_UNREACHABLE_CODE = YES;
				CLANG_WARN__DUPLICATE_METHOD_MATCH = YES;
				COPY_PHASE_STRIP = NO;
				DEBUG_INFORMATION_FORMAT = "dwarf-with-dsym";
				ENABLE_NS_ASSERTIONS = NO;
				ENABLE_STRICT_OBJC_MSGSEND = YES;
				GCC_C_LANGUAGE_STANDARD = gnu11;
				GCC_NO_COMMON_BLOCKS = YES;
				GCC_WARN_64_TO_32_BIT_CONVERSION = YES;
				GCC_WARN_ABOUT_RETURN_TYPE = YES_ERROR;
				GCC_WARN_UNDECLARED_SELECTOR = YES;
				GCC_WARN_UNINITIALIZED_AUTOS = YES_AGGRESSIVE;
				GCC_WARN_UNUSED_FUNCTION = YES;
				GCC_WARN_UNUSED_VARIABLE = YES;
				IPHONEOS_DEPLOYMENT_TARGET = 16.2;
				MTL_ENABLE_DEBUG_INFO = NO;
				MTL_FAST_MATH = YES;
				SDKROOT = iphoneos;
				SWIFT_COMPILATION_MODE = wholemodule;
				SWIFT_OPTIMIZATION_LEVEL = "-O";
				VALIDATE_PRODUCT = YES;
			};
			name = Release;
		};
		6566DE1629A53D0400C7326C /* Debug */ = {
			isa = XCBuildConfiguration;
			buildSettings = {
				ASSETCATALOG_COMPILER_APPICON_NAME = AppIcon;
				ASSETCATALOG_COMPILER_GLOBAL_ACCENT_COLOR_NAME = AccentColor;
				CODE_SIGN_STYLE = Automatic;
				CURRENT_PROJECT_VERSION = 1;
				DEVELOPMENT_ASSET_PATHS = "\"Revitalize_0_1_2/Preview Content\"";
				DEVELOPMENT_TEAM = MHBCTU8RNB;
				ENABLE_PREVIEWS = YES;
				GENERATE_INFOPLIST_FILE = YES;
				INFOPLIST_KEY_UIApplicationSceneManifest_Generation = YES;
				INFOPLIST_KEY_UIApplicationSupportsIndirectInputEvents = YES;
				INFOPLIST_KEY_UILaunchScreen_Generation = YES;
				INFOPLIST_KEY_UISupportedInterfaceOrientations_iPad = "UIInterfaceOrientationPortrait UIInterfaceOrientationPortraitUpsideDown UIInterfaceOrientationLandscapeLeft UIInterfaceOrientationLandscapeRight";
				INFOPLIST_KEY_UISupportedInterfaceOrientations_iPhone = "UIInterfaceOrientationPortrait UIInterfaceOrientationLandscapeLeft UIInterfaceOrientationLandscapeRight";
				LD_RUNPATH_SEARCH_PATHS = (
					"$(inherited)",
					"@executable_path/Frameworks",
				);
				MARKETING_VERSION = 1.0;
				PRODUCT_BUNDLE_IDENTIFIER = "com.voitekgraphics.Revitalize-0-1-2";
				PRODUCT_NAME = "$(TARGET_NAME)";
				SWIFT_EMIT_LOC_STRINGS = YES;
				SWIFT_VERSION = 5.0;
				TARGETED_DEVICE_FAMILY = "1,2";
			};
			name = Debug;
		};
		6566DE1729A53D0400C7326C /* Release */ = {
			isa = XCBuildConfiguration;
			buildSettings = {
				ASSETCATALOG_COMPILER_APPICON_NAME = AppIcon;
				ASSETCATALOG_COMPILER_GLOBAL_ACCENT_COLOR_NAME = AccentColor;
				CODE_SIGN_STYLE = Automatic;
				CURRENT_PROJECT_VERSION = 1;
				DEVELOPMENT_ASSET_PATHS = "\"Revitalize_0_1_2/Preview Content\"";
				DEVELOPMENT_TEAM = MHBCTU8RNB;
				ENABLE_PREVIEWS = YES;
				GENERATE_INFOPLIST_FILE = YES;
				INFOPLIST_KEY_UIApplicationSceneManifest_Generation = YES;
				INFOPLIST_KEY_UIApplicationSupportsIndirectInputEvents = YES;
				INFOPLIST_KEY_UILaunchScreen_Generation = YES;
				INFOPLIST_KEY_UISupportedInterfaceOrientations_iPad = "UIInterfaceOrientationPortrait UIInterfaceOrientationPortraitUpsideDown UIInterfaceOrientationLandscapeLeft UIInterfaceOrientationLandscapeRight";
				INFOPLIST_KEY_UISupportedInterfaceOrientations_iPhone = "UIInterfaceOrientationPortrait UIInterfaceOrientationLandscapeLeft UIInterfaceOrientationLandscapeRight";
				LD_RUNPATH_SEARCH_PATHS = (
					"$(inherited)",
					"@executable_path/Frameworks",
				);
				MARKETING_VERSION = 1.0;
				PRODUCT_BUNDLE_IDENTIFIER = "com.voitekgraphics.Revitalize-0-1-2";
				PRODUCT_NAME = "$(TARGET_NAME)";
				SWIFT_EMIT_LOC_STRINGS = YES;
				SWIFT_VERSION = 5.0;
				TARGETED_DEVICE_FAMILY = "1,2";
			};
			name = Release;
		};
/* End XCBuildConfiguration section */

/* Begin XCConfigurationList section */
		6566DE0229A53D0300C7326C /* Build configuration list for PBXProject "Revitalize_0_1_2" */ = {
			isa = XCConfigurationList;
			buildConfigurations = (
				6566DE1329A53D0400C7326C /* Debug */,
				6566DE1429A53D0400C7326C /* Release */,
			);
			defaultConfigurationIsVisible = 0;
			defaultConfigurationName = Release;
		};
		6566DE1529A53D0400C7326C /* Build configuration list for PBXNativeTarget "Revitalize_0_1_2" */ = {
			isa = XCConfigurationList;
			buildConfigurations = (
				6566DE1629A53D0400C7326C /* Debug */,
				6566DE1729A53D0400C7326C /* Release */,
			);
			defaultConfigurationIsVisible = 0;
			defaultConfigurationName = Release;
		};
/* End XCConfigurationList section */
	};
	rootObject = 6566DDFF29A53D0300C7326C /* Project object */;
}
