// !$*UTF8*$!
{
	archiveVersion = 1;
	classes = {
	};
	objectVersion = 56;
	objects = {

/* Begin PBXBuildFile section */
		656251B929C8D0D0009EB253 /* Assets.xcassets in Resources */ = {isa = PBXBuildFile; fileRef = 656251B829C8D0CF009EB253 /* Assets.xcassets */; };
		656251BC29C91F86009EB253 /* Launch Screen.storyboard in Resources */ = {isa = PBXBuildFile; fileRef = 656251BB29C91F86009EB253 /* Launch Screen.storyboard */; };
		659848B929BE3B8F00B9F03C /* RenvitalizeApp.swift in Sources */ = {isa = PBXBuildFile; fileRef = 659848B829BE3B8F00B9F03C /* RenvitalizeApp.swift */; };
		659848BB29BE3B8F00B9F03C /* ContentView.swift in Sources */ = {isa = PBXBuildFile; fileRef = 659848BA29BE3B8F00B9F03C /* ContentView.swift */; };
		659848C029BE3B9000B9F03C /* Preview Assets.xcassets in Resources */ = {isa = PBXBuildFile; fileRef = 659848BF29BE3B9000B9F03C /* Preview Assets.xcassets */; };
		659848F029BE3C7000B9F03C /* LoginView.swift in Sources */ = {isa = PBXBuildFile; fileRef = 659848D729BE3C7000B9F03C /* LoginView.swift */; };
		659848F129BE3C7000B9F03C /* Donate.swift in Sources */ = {isa = PBXBuildFile; fileRef = 659848D829BE3C7000B9F03C /* Donate.swift */; };
		659848F229BE3C7000B9F03C /* Gallery.swift in Sources */ = {isa = PBXBuildFile; fileRef = 659848D929BE3C7000B9F03C /* Gallery.swift */; };
		659848F329BE3C7000B9F03C /* FavoriteButton.swift in Sources */ = {isa = PBXBuildFile; fileRef = 659848DA29BE3C7000B9F03C /* FavoriteButton.swift */; };
		659848F829BE3C7000B9F03C /* Declarations.swift in Sources */ = {isa = PBXBuildFile; fileRef = 659848E029BE3C7000B9F03C /* Declarations.swift */; };
		659848FA29BE3C7000B9F03C /* DeclarationsViewModel.swift in Sources */ = {isa = PBXBuildFile; fileRef = 659848E329BE3C7000B9F03C /* DeclarationsViewModel.swift */; };
		659848FC29BE3C7000B9F03C /* DeclarationsDataServices.swift in Sources */ = {isa = PBXBuildFile; fileRef = 659848E629BE3C7000B9F03C /* DeclarationsDataServices.swift */; };
		659848FE29BE3C7F00B9F03C /* HomeOwnersGuide.swift in Sources */ = {isa = PBXBuildFile; fileRef = 659848FD29BE3C7F00B9F03C /* HomeOwnersGuide.swift */; };
/* End PBXBuildFile section */

/* Begin PBXFileReference section */
		656251B829C8D0CF009EB253 /* Assets.xcassets */ = {isa = PBXFileReference; lastKnownFileType = folder.assetcatalog; name = Assets.xcassets; path = Revitalize_0_1_2/Assets.xcassets; sourceTree = SOURCE_ROOT; };
		656251BA29C91F12009EB253 /* Info.plist */ = {isa = PBXFileReference; lastKnownFileType = text.plist; path = Info.plist; sourceTree = "<group>"; };
		656251BB29C91F86009EB253 /* Launch Screen.storyboard */ = {isa = PBXFileReference; lastKnownFileType = file.storyboard; path = "Launch Screen.storyboard"; sourceTree = "<group>"; };
		659848B529BE3B8F00B9F03C /* Renvitalize.app */ = {isa = PBXFileReference; explicitFileType = wrapper.application; includeInIndex = 0; path = Renvitalize.app; sourceTree = BUILT_PRODUCTS_DIR; };
		659848B829BE3B8F00B9F03C /* RenvitalizeApp.swift */ = {isa = PBXFileReference; lastKnownFileType = sourcecode.swift; path = RenvitalizeApp.swift; sourceTree = "<group>"; };
		659848BA29BE3B8F00B9F03C /* ContentView.swift */ = {isa = PBXFileReference; lastKnownFileType = sourcecode.swift; path = ContentView.swift; sourceTree = "<group>"; };
		659848BF29BE3B9000B9F03C /* Preview Assets.xcassets */ = {isa = PBXFileReference; lastKnownFileType = folder.assetcatalog; path = "Preview Assets.xcassets"; sourceTree = "<group>"; };
		659848D729BE3C7000B9F03C /* LoginView.swift */ = {isa = PBXFileReference; fileEncoding = 4; lastKnownFileType = sourcecode.swift; path = LoginView.swift; sourceTree = "<group>"; };
		659848D829BE3C7000B9F03C /* Donate.swift */ = {isa = PBXFileReference; fileEncoding = 4; lastKnownFileType = sourcecode.swift; path = Donate.swift; sourceTree = "<group>"; };
		659848D929BE3C7000B9F03C /* Gallery.swift */ = {isa = PBXFileReference; fileEncoding = 4; lastKnownFileType = sourcecode.swift; path = Gallery.swift; sourceTree = "<group>"; };
		659848DA29BE3C7000B9F03C /* FavoriteButton.swift */ = {isa = PBXFileReference; fileEncoding = 4; lastKnownFileType = sourcecode.swift; path = FavoriteButton.swift; sourceTree = "<group>"; };
		659848E029BE3C7000B9F03C /* Declarations.swift */ = {isa = PBXFileReference; fileEncoding = 4; lastKnownFileType = sourcecode.swift; path = Declarations.swift; sourceTree = "<group>"; };
		659848E329BE3C7000B9F03C /* DeclarationsViewModel.swift */ = {isa = PBXFileReference; fileEncoding = 4; lastKnownFileType = sourcecode.swift; path = DeclarationsViewModel.swift; sourceTree = "<group>"; };
		659848E629BE3C7000B9F03C /* DeclarationsDataServices.swift */ = {isa = PBXFileReference; fileEncoding = 4; lastKnownFileType = sourcecode.swift; path = DeclarationsDataServices.swift; sourceTree = "<group>"; };
		659848FD29BE3C7F00B9F03C /* HomeOwnersGuide.swift */ = {isa = PBXFileReference; fileEncoding = 4; lastKnownFileType = sourcecode.swift; path = HomeOwnersGuide.swift; sourceTree = "<group>"; };
		65ACDAAA29C647950032CBFC /* Renvitalize.entitlements */ = {isa = PBXFileReference; lastKnownFileType = text.plist.entitlements; path = Renvitalize.entitlements; sourceTree = "<group>"; };
/* End PBXFileReference section */

/* Begin PBXFrameworksBuildPhase section */
		659848B229BE3B8F00B9F03C /* Frameworks */ = {
			isa = PBXFrameworksBuildPhase;
			buildActionMask = 2147483647;
			files = (
			);
			runOnlyForDeploymentPostprocessing = 0;
		};
/* End PBXFrameworksBuildPhase section */

/* Begin PBXGroup section */
		659848AC29BE3B8F00B9F03C = {
			isa = PBXGroup;
			children = (
				659848B729BE3B8F00B9F03C /* Renvitalize */,
				659848B629BE3B8F00B9F03C /* Products */,
			);
			sourceTree = "<group>";
		};
		659848B629BE3B8F00B9F03C /* Products */ = {
			isa = PBXGroup;
			children = (
				659848B529BE3B8F00B9F03C /* Renvitalize.app */,
			);
			name = Products;
			sourceTree = "<group>";
		};
		659848B729BE3B8F00B9F03C /* Renvitalize */ = {
			isa = PBXGroup;
			children = (
				656251BB29C91F86009EB253 /* Launch Screen.storyboard */,
				656251BA29C91F12009EB253 /* Info.plist */,
				656251B829C8D0CF009EB253 /* Assets.xcassets */,
				65ACDAAA29C647950032CBFC /* Renvitalize.entitlements */,
				659848DF29BE3C7000B9F03C /* Models */,
				659848E229BE3C7000B9F03C /* ViewModels */,
				659848D629BE3C7000B9F03C /* Views */,
				659848FD29BE3C7F00B9F03C /* HomeOwnersGuide.swift */,
				659848E529BE3C7000B9F03C /* DataServices */,
				659848B829BE3B8F00B9F03C /* RenvitalizeApp.swift */,
				659848BA29BE3B8F00B9F03C /* ContentView.swift */,
				659848BE29BE3B9000B9F03C /* Preview Content */,
			);
			path = Renvitalize;
			sourceTree = "<group>";
		};
		659848BE29BE3B9000B9F03C /* Preview Content */ = {
			isa = PBXGroup;
			children = (
				659848BF29BE3B9000B9F03C /* Preview Assets.xcassets */,
			);
			path = "Preview Content";
			sourceTree = "<group>";
		};
		659848D629BE3C7000B9F03C /* Views */ = {
			isa = PBXGroup;
			children = (
				659848D729BE3C7000B9F03C /* LoginView.swift */,
				659848D829BE3C7000B9F03C /* Donate.swift */,
				659848D929BE3C7000B9F03C /* Gallery.swift */,
				659848DA29BE3C7000B9F03C /* FavoriteButton.swift */,
			);
			path = Views;
			sourceTree = "<group>";
		};
		659848DF29BE3C7000B9F03C /* Models */ = {
			isa = PBXGroup;
			children = (
				659848E029BE3C7000B9F03C /* Declarations.swift */,
			);
			path = Models;
			sourceTree = "<group>";
		};
		659848E229BE3C7000B9F03C /* ViewModels */ = {
			isa = PBXGroup;
			children = (
				659848E329BE3C7000B9F03C /* DeclarationsViewModel.swift */,
			);
			path = ViewModels;
			sourceTree = "<group>";
		};
		659848E529BE3C7000B9F03C /* DataServices */ = {
			isa = PBXGroup;
			children = (
				659848E629BE3C7000B9F03C /* DeclarationsDataServices.swift */,
			);
			path = DataServices;
			sourceTree = "<group>";
		};
/* End PBXGroup section */

/* Begin PBXNativeTarget section */
		659848B429BE3B8F00B9F03C /* Renvitalize */ = {
			isa = PBXNativeTarget;
			buildConfigurationList = 659848C329BE3B9000B9F03C /* Build configuration list for PBXNativeTarget "Renvitalize" */;
			buildPhases = (
				659848B129BE3B8F00B9F03C /* Sources */,
				659848B229BE3B8F00B9F03C /* Frameworks */,
				659848B329BE3B8F00B9F03C /* Resources */,
			);
			buildRules = (
			);
			dependencies = (
			);
			name = Renvitalize;
			productName = Renvitalize;
			productReference = 659848B529BE3B8F00B9F03C /* Renvitalize.app */;
			productType = "com.apple.product-type.application";
		};
/* End PBXNativeTarget section */

/* Begin PBXProject section */
		659848AD29BE3B8F00B9F03C /* Project object */ = {
			isa = PBXProject;
			attributes = {
				BuildIndependentTargetsInParallel = 1;
				LastSwiftUpdateCheck = 1420;
				LastUpgradeCheck = 1420;
				TargetAttributes = {
					659848B429BE3B8F00B9F03C = {
						CreatedOnToolsVersion = 14.2;
					};
				};
			};
			buildConfigurationList = 659848B029BE3B8F00B9F03C /* Build configuration list for PBXProject "Renvitalize" */;
			compatibilityVersion = "Xcode 14.0";
			developmentRegion = en;
			hasScannedForEncodings = 0;
			knownRegions = (
				en,
				Base,
			);
			mainGroup = 659848AC29BE3B8F00B9F03C;
			productRefGroup = 659848B629BE3B8F00B9F03C /* Products */;
			projectDirPath = "";
			projectRoot = "";
			targets = (
				659848B429BE3B8F00B9F03C /* Renvitalize */,
			);
		};
/* End PBXProject section */

/* Begin PBXResourcesBuildPhase section */
		659848B329BE3B8F00B9F03C /* Resources */ = {
			isa = PBXResourcesBuildPhase;
			buildActionMask = 2147483647;
			files = (
				656251BC29C91F86009EB253 /* Launch Screen.storyboard in Resources */,
				656251B929C8D0D0009EB253 /* Assets.xcassets in Resources */,
				659848C029BE3B9000B9F03C /* Preview Assets.xcassets in Resources */,
			);
			runOnlyForDeploymentPostprocessing = 0;
		};
/* End PBXResourcesBuildPhase section */

/* Begin PBXSourcesBuildPhase section */
		659848B129BE3B8F00B9F03C /* Sources */ = {
			isa = PBXSourcesBuildPhase;
			buildActionMask = 2147483647;
			files = (
				659848FE29BE3C7F00B9F03C /* HomeOwnersGuide.swift in Sources */,
				659848F129BE3C7000B9F03C /* Donate.swift in Sources */,
				659848FA29BE3C7000B9F03C /* DeclarationsViewModel.swift in Sources */,
				659848FC29BE3C7000B9F03C /* DeclarationsDataServices.swift in Sources */,
				659848F229BE3C7000B9F03C /* Gallery.swift in Sources */,
				659848BB29BE3B8F00B9F03C /* ContentView.swift in Sources */,
				659848F829BE3C7000B9F03C /* Declarations.swift in Sources */,
				659848B929BE3B8F00B9F03C /* RenvitalizeApp.swift in Sources */,
				659848F029BE3C7000B9F03C /* LoginView.swift in Sources */,
				659848F329BE3C7000B9F03C /* FavoriteButton.swift in Sources */,
			);
			runOnlyForDeploymentPostprocessing = 0;
		};
/* End PBXSourcesBuildPhase section */

/* Begin XCBuildConfiguration section */
		659848C129BE3B9000B9F03C /* Debug */ = {
			isa = XCBuildConfiguration;
			buildSettings = {
				ALWAYS_SEARCH_USER_PATHS = NO;
				CLANG_ANALYZER_NONNULL = YES;
				CLANG_ANALYZER_NUMBER_OBJECT_CONVERSION = YES_AGGRESSIVE;
				CLANG_CXX_LANGUAGE_STANDARD = "gnu++20";
				CLANG_ENABLE_MODULES = YES;
				CLANG_ENABLE_OBJC_ARC = YES;
				CLANG_ENABLE_OBJC_WEAK = YES;
				CLANG_WARN_BLOCK_CAPTURE_AUTORELEASING = YES;
				CLANG_WARN_BOOL_CONVERSION = YES;
				CLANG_WARN_COMMA = YES;
				CLANG_WARN_CONSTANT_CONVERSION = YES;
				CLANG_WARN_DEPRECATED_OBJC_IMPLEMENTATIONS = YES;
				CLANG_WARN_DIRECT_OBJC_ISA_USAGE = YES_ERROR;
				CLANG_WARN_DOCUMENTATION_COMMENTS = YES;
				CLANG_WARN_EMPTY_BODY = YES;
				CLANG_WARN_ENUM_CONVERSION = YES;
				CLANG_WARN_INFINITE_RECURSION = YES;
				CLANG_WARN_INT_CONVERSION = YES;
				CLANG_WARN_NON_LITERAL_NULL_CONVERSION = YES;
				CLANG_WARN_OBJC_IMPLICIT_RETAIN_SELF = YES;
				CLANG_WARN_OBJC_LITERAL_CONVERSION = YES;
				CLANG_WARN_OBJC_ROOT_CLASS = YES_ERROR;
				CLANG_WARN_QUOTED_INCLUDE_IN_FRAMEWORK_HEADER = YES;
				CLANG_WARN_RANGE_LOOP_ANALYSIS = YES;
				CLANG_WARN_STRICT_PROTOTYPES = YES;
				CLANG_WARN_SUSPICIOUS_MOVE = YES;
				CLANG_WARN_UNGUARDED_AVAILABILITY = YES_AGGRESSIVE;
				CLANG_WARN_UNREACHABLE_CODE = YES;
				CLANG_WARN__DUPLICATE_METHOD_MATCH = YES;
				COPY_PHASE_STRIP = NO;
				DEBUG_INFORMATION_FORMAT = dwarf;
				ENABLE_STRICT_OBJC_MSGSEND = YES;
				ENABLE_TESTABILITY = YES;
				GCC_C_LANGUAGE_STANDARD = gnu11;
				GCC_DYNAMIC_NO_PIC = NO;
				GCC_NO_COMMON_BLOCKS = YES;
				GCC_OPTIMIZATION_LEVEL = 0;
				GCC_PREPROCESSOR_DEFINITIONS = (
					"DEBUG=1",
					"$(inherited)",
				);
				GCC_WARN_64_TO_32_BIT_CONVERSION = YES;
				GCC_WARN_ABOUT_RETURN_TYPE = YES_ERROR;
				GCC_WARN_UNDECLARED_SELECTOR = YES;
				GCC_WARN_UNINITIALIZED_AUTOS = YES_AGGRESSIVE;
				GCC_WARN_UNUSED_FUNCTION = YES;
				GCC_WARN_UNUSED_VARIABLE = YES;
				IPHONEOS_DEPLOYMENT_TARGET = 16.2;
				MTL_ENABLE_DEBUG_INFO = INCLUDE_SOURCE;
				MTL_FAST_MATH = YES;
				ONLY_ACTIVE_ARCH = YES;
				SDKROOT = iphoneos;
				SWIFT_ACTIVE_COMPILATION_CONDITIONS = DEBUG;
				SWIFT_OPTIMIZATION_LEVEL = "-Onone";
			};
			name = Debug;
		};
		659848C229BE3B9000B9F03C /* Release */ = {
			isa = XCBuildConfiguration;
			buildSettings = {
				ALWAYS_SEARCH_USER_PATHS = NO;
				CLANG_ANALYZER_NONNULL = YES;
				CLANG_ANALYZER_NUMBER_OBJECT_CONVERSION = YES_AGGRESSIVE;
				CLANG_CXX_LANGUAGE_STANDARD = "gnu++20";
				CLANG_ENABLE_MODULES = YES;
				CLANG_ENABLE_OBJC_ARC = YES;
				CLANG_ENABLE_OBJC_WEAK = YES;
				CLANG_WARN_BLOCK_CAPTURE_AUTORELEASING = YES;
				CLANG_WARN_BOOL_CONVERSION = YES;
				CLANG_WARN_COMMA = YES;
				CLANG_WARN_CONSTANT_CONVERSION = YES;
				CLANG_WARN_DEPRECATED_OBJC_IMPLEMENTATIONS = YES;
				CLANG_WARN_DIRECT_OBJC_ISA_USAGE = YES_ERROR;
				CLANG_WARN_DOCUMENTATION_COMMENTS = YES;
				CLANG_WARN_EMPTY_BODY = YES;
				CLANG_WARN_ENUM_CONVERSION = YES;
				CLANG_WARN_INFINITE_RECURSION = YES;
				CLANG_WARN_INT_CONVERSION = YES;
				CLANG_WARN_NON_LITERAL_NULL_CONVERSION = YES;
				CLANG_WARN_OBJC_IMPLICIT_RETAIN_SELF = YES;
				CLANG_WARN_OBJC_LITERAL_CONVERSION = YES;
				CLANG_WARN_OBJC_ROOT_CLASS = YES_ERROR;
				CLANG_WARN_QUOTED_INCLUDE_IN_FRAMEWORK_HEADER = YES;
				CLANG_WARN_RANGE_LOOP_ANALYSIS = YES;
				CLANG_WARN_STRICT_PROTOTYPES = YES;
				CLANG_WARN_SUSPICIOUS_MOVE = YES;
				CLANG_WARN_UNGUARDED_AVAILABILITY = YES_AGGRESSIVE;
				CLANG_WARN_UNREACHABLE_CODE = YES;
				CLANG_WARN__DUPLICATE_METHOD_MATCH = YES;
				COPY_PHASE_STRIP = NO;
				DEBUG_INFORMATION_FORMAT = "dwarf-with-dsym";
				ENABLE_NS_ASSERTIONS = NO;
				ENABLE_STRICT_OBJC_MSGSEND = YES;
				GCC_C_LANGUAGE_STANDARD = gnu11;
				GCC_NO_COMMON_BLOCKS = YES;
				GCC_WARN_64_TO_32_BIT_CONVERSION = YES;
				GCC_WARN_ABOUT_RETURN_TYPE = YES_ERROR;
				GCC_WARN_UNDECLARED_SELECTOR = YES;
				GCC_WARN_UNINITIALIZED_AUTOS = YES_AGGRESSIVE;
				GCC_WARN_UNUSED_FUNCTION = YES;
				GCC_WARN_UNUSED_VARIABLE = YES;
				IPHONEOS_DEPLOYMENT_TARGET = 16.2;
				MTL_ENABLE_DEBUG_INFO = NO;
				MTL_FAST_MATH = YES;
				SDKROOT = iphoneos;
				SWIFT_COMPILATION_MODE = wholemodule;
				SWIFT_OPTIMIZATION_LEVEL = "-O";
				VALIDATE_PRODUCT = YES;
			};
			name = Release;
		};
		659848C429BE3B9000B9F03C /* Debug */ = {
			isa = XCBuildConfiguration;
			buildSettings = {
				ASSETCATALOG_COMPILER_APPICON_NAME = AppIcon;
				"ASSETCATALOG_COMPILER_APPICON_NAME[sdk=iphoneos*]" = AppIcon;
				ASSETCATALOG_COMPILER_GLOBAL_ACCENT_COLOR_NAME = AccentColor;
				ASSETCATALOG_COMPILER_INCLUDE_ALL_APPICON_ASSETS = YES;
				ASSETCATALOG_COMPILER_INCLUDE_STICKER_CONTENT = NO;
				ASSETCATALOG_COMPILER_LAUNCHIMAGE_NAME = "";
				CODE_SIGN_ENTITLEMENTS = Renvitalize/Renvitalize.entitlements;
				CODE_SIGN_IDENTITY = "Apple Development";
				CODE_SIGN_STYLE = Automatic;
				CURRENT_PROJECT_VERSION = 4;
				DEVELOPMENT_ASSET_PATHS = "\"Renvitalize/Preview Content\"";
				DEVELOPMENT_TEAM = MHBCTU8RNB;
				EMBED_ASSET_PACKS_IN_PRODUCT_BUNDLE = YES;
				ENABLE_PREVIEWS = YES;
				GENERATE_INFOPLIST_FILE = YES;
				INFOPLIST_FILE = Renvitalize/Info.plist;
				INFOPLIST_KEY_LSApplicationCategoryType = "";
				INFOPLIST_KEY_UIApplicationSceneManifest_Generation = YES;
				INFOPLIST_KEY_UIApplicationSupportsIndirectInputEvents = YES;
				INFOPLIST_KEY_UILaunchStoryboardName = "Launch Screen.storyboard";
				INFOPLIST_KEY_UISupportedInterfaceOrientations_iPad = "UIInterfaceOrientationPortrait UIInterfaceOrientationPortraitUpsideDown UIInterfaceOrientationLandscapeLeft UIInterfaceOrientationLandscapeRight";
				INFOPLIST_KEY_UISupportedInterfaceOrientations_iPhone = "UIInterfaceOrientationPortrait UIInterfaceOrientationLandscapeLeft UIInterfaceOrientationLandscapeRight";
				LD_RUNPATH_SEARCH_PATHS = (
					"$(inherited)",
					"@executable_path/Frameworks",
				);
				MARKETING_VERSION = 0.1.0;
				PRODUCT_BUNDLE_IDENTIFIER = com.voitekgraphics.Renvitalized;
				PRODUCT_NAME = "$(TARGET_NAME)";
				PROVISIONING_PROFILE_SPECIFIER = "";
				SCAN_ALL_SOURCE_FILES_FOR_INCLUDES = NO;
				SWIFT_EMIT_LOC_STRINGS = YES;
				SWIFT_VERSION = 5.0;
				TARGETED_DEVICE_FAMILY = "1,2";
			};
			name = Debug;
		};
		659848C529BE3B9000B9F03C /* Release */ = {
			isa = XCBuildConfiguration;
			buildSettings = {
				ASSETCATALOG_COMPILER_APPICON_NAME = AppIcon;
				"ASSETCATALOG_COMPILER_APPICON_NAME[sdk=iphoneos*]" = AppIcon;
				ASSETCATALOG_COMPILER_GLOBAL_ACCENT_COLOR_NAME = AccentColor;
				ASSETCATALOG_COMPILER_INCLUDE_ALL_APPICON_ASSETS = YES;
				ASSETCATALOG_COMPILER_INCLUDE_STICKER_CONTENT = NO;
				ASSETCATALOG_COMPILER_LAUNCHIMAGE_NAME = "";
				CODE_SIGN_ENTITLEMENTS = Renvitalize/Renvitalize.entitlements;
				CODE_SIGN_IDENTITY = "Apple Development";
				CODE_SIGN_STYLE = Automatic;
				CURRENT_PROJECT_VERSION = 4;
				DEVELOPMENT_ASSET_PATHS = "\"Renvitalize/Preview Content\"";
				DEVELOPMENT_TEAM = MHBCTU8RNB;
				EMBED_ASSET_PACKS_IN_PRODUCT_BUNDLE = YES;
				ENABLE_PREVIEWS = YES;
				GENERATE_INFOPLIST_FILE = YES;
				INFOPLIST_FILE = Renvitalize/Info.plist;
				INFOPLIST_KEY_LSApplicationCategoryType = "";
				INFOPLIST_KEY_UIApplicationSceneManifest_Generation = YES;
				INFOPLIST_KEY_UIApplicationSupportsIndirectInputEvents = YES;
				INFOPLIST_KEY_UILaunchStoryboardName = "Launch Screen.storyboard";
				INFOPLIST_KEY_UISupportedInterfaceOrientations_iPad = "UIInterfaceOrientationPortrait UIInterfaceOrientationPortraitUpsideDown UIInterfaceOrientationLandscapeLeft UIInterfaceOrientationLandscapeRight";
				INFOPLIST_KEY_UISupportedInterfaceOrientations_iPhone = "UIInterfaceOrientationPortrait UIInterfaceOrientationLandscapeLeft UIInterfaceOrientationLandscapeRight";
				LD_RUNPATH_SEARCH_PATHS = (
					"$(inherited)",
					"@executable_path/Frameworks",
				);
				MARKETING_VERSION = 0.1.0;
				PRODUCT_BUNDLE_IDENTIFIER = com.voitekgraphics.Renvitalized;
				PRODUCT_NAME = "$(TARGET_NAME)";
				PROVISIONING_PROFILE_SPECIFIER = "";
				SCAN_ALL_SOURCE_FILES_FOR_INCLUDES = NO;
				SWIFT_EMIT_LOC_STRINGS = YES;
				SWIFT_VERSION = 5.0;
				TARGETED_DEVICE_FAMILY = "1,2";
			};
			name = Release;
		};
/* End XCBuildConfiguration section */

/* Begin XCConfigurationList section */
		659848B029BE3B8F00B9F03C /* Build configuration list for PBXProject "Renvitalize" */ = {
			isa = XCConfigurationList;
			buildConfigurations = (
				659848C129BE3B9000B9F03C /* Debug */,
				659848C229BE3B9000B9F03C /* Release */,
			);
			defaultConfigurationIsVisible = 0;
			defaultConfigurationName = Release;
		};
		659848C329BE3B9000B9F03C /* Build configuration list for PBXNativeTarget "Renvitalize" */ = {
			isa = XCConfigurationList;
			buildConfigurations = (
				659848C429BE3B9000B9F03C /* Debug */,
				659848C529BE3B9000B9F03C /* Release */,
			);
			defaultConfigurationIsVisible = 0;
			defaultConfigurationName = Release;
		};
/* End XCConfigurationList section */
	};
	rootObject = 659848AD29BE3B8F00B9F03C /* Project object */;
}
